
Microsoft Visual Studio Solution File, Format Version 12.00
# Visual Studio Version 16
VisualStudioVersion = 16.0.30804.86
MinimumVisualStudioVersion = 10.0.40219.1
Project("{FAE04EC0-301F-11D3-BF4B-00C04F79EFBC}") = "AdventOfCode_2020_Day_06", "AdventOfCode_2020_Day_06\AdventOfCode_2020_Day_06.csproj", "{B97C1123-FD65-4B2B-AA20-2AE1AB70FCEA}"
EndProject
Global
	GlobalSection(SolutionConfigurationPlatforms) = preSolution
		Debug|Any CPU = Debug|Any CPU
		Release|Any CPU = Release|Any CPU
	EndGlobalSection
	GlobalSection(ProjectConfigurationPlatforms) = postSolution
		{B97C1123-FD65-4B2B-AA20-2AE1AB70FCEA}.Debug|Any CPU.ActiveCfg = Debug|Any CPU
		{B97C1123-FD65-4B2B-AA20-2AE1AB70FCEA}.Debug|Any CPU.Build.0 = Debug|Any CPU
		{B97C1123-FD65-4B2B-AA20-2AE1AB70FCEA}.Release|Any CPU.ActiveCfg = Release|Any CPU
		{B97C1123-FD65-4B2B-AA20-2AE1AB70FCEA}.Release|Any CPU.Build.0 = Release|Any CPU
	EndGlobalSection
	GlobalSection(SolutionProperties) = preSolution
		HideSolutionNode = FALSE
	EndGlobalSection
	GlobalSection(ExtensibilityGlobals) = postSolution
		SolutionGuid = {1B6CF6FB-65B7-41CF-933A-C097ECE35AB1}
	EndGlobalSection
EndGlobal
